
Microsoft Visual Studio Solution File, Format Version 12.00
# Visual Studio Version 16
VisualStudioVersion = 16.0.30114.105
MinimumVisualStudioVersion = 10.0.40219.1
Project("{FAE04EC0-301F-11D3-BF4B-00C04F79EFBC}") = "Boot_Track", "Boot_Track\Boot_Track.csproj", "{4D69BF63-C275-47DE-8430-BB16704DE32E}"
EndProject
Global
	GlobalSection(SolutionConfigurationPlatforms) = preSolution
		Debug|Any CPU = Debug|Any CPU
		Release|Any CPU = Release|Any CPU
	EndGlobalSection
	GlobalSection(ProjectConfigurationPlatforms) = postSolution
		{4D69BF63-C275-47DE-8430-BB16704DE32E}.Debug|Any CPU.ActiveCfg = Debug|Any CPU
		{4D69BF63-C275-47DE-8430-BB16704DE32E}.Debug|Any CPU.Build.0 = Debug|Any CPU
		{4D69BF63-C275-47DE-8430-BB16704DE32E}.Release|Any CPU.ActiveCfg = Release|Any CPU
		{4D69BF63-C275-47DE-8430-BB16704DE32E}.Release|Any CPU.Build.0 = Release|Any CPU
	EndGlobalSection
	GlobalSection(SolutionProperties) = preSolution
		HideSolutionNode = FALSE
	EndGlobalSection
	GlobalSection(ExtensibilityGlobals) = postSolution
		SolutionGuid = {7E633637-B90A-4B35-A194-C06AD1A5B7BA}
	EndGlobalSection
EndGlobal
